{
    "hash": "941e4bfd84538b89bce6916a9487d47b",
    "packages": [
        {
            "package": "pimple/pimple",
            "version": "dev-master",
            "source-reference": "v1.0.0"
        },
        {
            "package": "symfony/config",
            "version": "dev-master",
            "source-reference": "dc19d63559641fd283040471530b0117aa9a8c99"
        },
        {
            "package": "symfony/config",
            "version": "dev-master",
            "alias-pretty-version": "2.1.x-dev",
            "alias-version": "2.1.9999999.9999999-dev"
        },
        {
            "package": "symfony/http-foundation",
            "version": "dev-master",
            "alias-pretty-version": "2.1.x-dev",
            "alias-version": "2.1.9999999.9999999-dev"
        },
        {
            "package": "symfony/http-foundation",
            "version": "dev-master",
            "source-reference": "d9ef2afd0218415a8c04ea48a2c83bb5b8f0f51c"
        },
        {
            "package": "symfony/routing",
            "version": "dev-master",
            "source-reference": "1d5a64f26588d63e3a1235a6ade0d54ae4ab3381"
        },
        {
            "package": "symfony/routing",
            "version": "dev-master",
            "alias-pretty-version": "2.1.x-dev",
            "alias-version": "2.1.9999999.9999999-dev"
        },
        {
            "package": "symfony/yaml",
            "version": "dev-master",
            "alias-pretty-version": "2.1.x-dev",
            "alias-version": "2.1.9999999.9999999-dev"
        },
        {
            "package": "symfony/yaml",
            "version": "dev-master",
            "source-reference": "49ad500448c17a4b515c8f567dbb540af3cf41ef"
        },
        {
            "package": "twig/twig",
            "version": "v1.8.2"
        }
    ],
    "packages-dev": null,
    "aliases": [

    ],
    "minimum-stability": "dev",
    "stability-flags": {
        "pimple/pimple": 20
    }
}
